
Microsoft Visual Studio Solution File, Format Version 12.00
# Visual Studio Version 16
VisualStudioVersion = 16.0.29025.244
MinimumVisualStudioVersion = 10.0.40219.1
Project("{8BC9CEB8-8B4A-11D0-8D11-00A0C91BC942}") = "winmiscr", "winmiscr\winmiscr.vcxproj", "{8D9C1842-F129-494D-A3C0-1983145E5570}"
EndProject
Project("{8BC9CEB8-8B4A-11D0-8D11-00A0C91BC942}") = "winmiscr_test", "winmiscr_test\winmiscr_test.vcxproj", "{52925D6A-D006-4C95-9C21-5D2E6A19C943}"
EndProject
Project("{8BC9CEB8-8B4A-11D0-8D11-00A0C91BC942}") = "cat", "cat\cat.vcxproj", "{44F3E695-ABDE-4DD0-A3B3-2833E198C58F}"
EndProject
Global
	GlobalSection(SolutionConfigurationPlatforms) = preSolution
		Debug|x64 = Debug|x64
		Debug|x86 = Debug|x86
		Release|x64 = Release|x64
		Release|x86 = Release|x86
	EndGlobalSection
	GlobalSection(ProjectConfigurationPlatforms) = postSolution
		{8D9C1842-F129-494D-A3C0-1983145E5570}.Debug|x64.ActiveCfg = Debug|x64
		{8D9C1842-F129-494D-A3C0-1983145E5570}.Debug|x64.Build.0 = Debug|x64
		{8D9C1842-F129-494D-A3C0-1983145E5570}.Debug|x86.ActiveCfg = Debug|Win32
		{8D9C1842-F129-494D-A3C0-1983145E5570}.Debug|x86.Build.0 = Debug|Win32
		{8D9C1842-F129-494D-A3C0-1983145E5570}.Release|x64.ActiveCfg = Release|x64
		{8D9C1842-F129-494D-A3C0-1983145E5570}.Release|x64.Build.0 = Release|x64
		{8D9C1842-F129-494D-A3C0-1983145E5570}.Release|x86.ActiveCfg = Release|Win32
		{8D9C1842-F129-494D-A3C0-1983145E5570}.Release|x86.Build.0 = Release|Win32
		{52925D6A-D006-4C95-9C21-5D2E6A19C943}.Debug|x64.ActiveCfg = Debug|x64
		{52925D6A-D006-4C95-9C21-5D2E6A19C943}.Debug|x64.Build.0 = Debug|x64
		{52925D6A-D006-4C95-9C21-5D2E6A19C943}.Debug|x86.ActiveCfg = Debug|Win32
		{52925D6A-D006-4C95-9C21-5D2E6A19C943}.Debug|x86.Build.0 = Debug|Win32
		{52925D6A-D006-4C95-9C21-5D2E6A19C943}.Release|x64.ActiveCfg = Release|x64
		{52925D6A-D006-4C95-9C21-5D2E6A19C943}.Release|x64.Build.0 = Release|x64
		{52925D6A-D006-4C95-9C21-5D2E6A19C943}.Release|x86.ActiveCfg = Release|Win32
		{52925D6A-D006-4C95-9C21-5D2E6A19C943}.Release|x86.Build.0 = Release|Win32
		{44F3E695-ABDE-4DD0-A3B3-2833E198C58F}.Debug|x64.ActiveCfg = Debug|x64
		{44F3E695-ABDE-4DD0-A3B3-2833E198C58F}.Debug|x64.Build.0 = Debug|x64
		{44F3E695-ABDE-4DD0-A3B3-2833E198C58F}.Debug|x86.ActiveCfg = Debug|Win32
		{44F3E695-ABDE-4DD0-A3B3-2833E198C58F}.Debug|x86.Build.0 = Debug|Win32
		{44F3E695-ABDE-4DD0-A3B3-2833E198C58F}.Release|x64.ActiveCfg = Release|x64
		{44F3E695-ABDE-4DD0-A3B3-2833E198C58F}.Release|x64.Build.0 = Release|x64
		{44F3E695-ABDE-4DD0-A3B3-2833E198C58F}.Release|x86.ActiveCfg = Release|Win32
		{44F3E695-ABDE-4DD0-A3B3-2833E198C58F}.Release|x86.Build.0 = Release|Win32
	EndGlobalSection
	GlobalSection(SolutionProperties) = preSolution
		HideSolutionNode = FALSE
	EndGlobalSection
	GlobalSection(ExtensibilityGlobals) = postSolution
		SolutionGuid = {324129A2-7340-4F17-AA91-326A80E3FCD2}
	EndGlobalSection
EndGlobal
